<?xml version="1.0" encoding="utf-8"?>
<Project ToolsVersion="17.0" xmlns="http://schemas.microsoft.com/developer/msbuild/2003">
  <ItemGroup>
    <CustomBuild Include="C:\Projects\pingroute\network_library\CMakeFiles\ed682108502d26677e772dc777111ecc\generate.stamp.rule">
      <Filter>CMake Rules</Filter>
    </CustomBuild>
  </ItemGroup>
  <ItemGroup>
    <Filter Include="CMake Rules">
      <UniqueIdentifier>{E1D2FD05-6F42-372A-840F-925DED9A5C85}</UniqueIdentifier>
    </Filter>
  </ItemGroup>
</Project>
